
Microsoft Visual Studio Solution File, Format Version 12.00
# Visual Studio 2013
VisualStudioVersion = 12.0.21005.1
MinimumVisualStudioVersion = 10.0.40219.1
Project("{2150E333-8FDC-42A3-9474-1A3956D46DE8}") = "WindowsStore", "WindowsStore", "{713EF5DE-266A-4DC5-9BC7-040FDDB2BC05}"
EndProject
Project("{2150E333-8FDC-42A3-9474-1A3956D46DE8}") = "WindowsPhone", "WindowsPhone", "{97EC3BFF-1FC8-4697-A76A-BDD4799F5719}"
EndProject
Project("{2150E333-8FDC-42A3-9474-1A3956D46DE8}") = "CoreLibrary", "CoreLibrary", "{11675099-5139-4154-AAB8-C45EBCDBA5B3}"
EndProject
Project("{FAE04EC0-301F-11D3-BF4B-00C04F79EFBC}") = "RateMyApp.WP.Core", "RateMyApp.WP.Core\RateMyApp.WP.Core.csproj", "{9D309AC7-69B3-430E-B7E7-81C3BC6DE8B2}"
EndProject
Project("{FAE04EC0-301F-11D3-BF4B-00C04F79EFBC}") = "RateMyApp.WS.Core", "RateMyApp.WS.Core\RateMyApp.WS.Core.csproj", "{9C33D454-D66B-4433-8751-B4EE767E36A8}"
EndProject
Project("{FAE04EC0-301F-11D3-BF4B-00C04F79EFBC}") = "RateMyApp.WP.Test", "RateMyApp.WP.Test\RateMyApp.WP.Test.csproj", "{2D3D2265-7698-4604-A590-D7CDB465CFFD}"
EndProject
Project("{FAE04EC0-301F-11D3-BF4B-00C04F79EFBC}") = "RateMyApp.WS.Test", "RateMyApp.WS.Test\RateMyApp.WS.Test.csproj", "{A09B9E48-118E-435D-9490-380D201AE7B1}"
EndProject
Project("{FAE04EC0-301F-11D3-BF4B-00C04F79EFBC}") = "RateMyApp.Core", "RateMyApp.Core\RateMyApp.Core.csproj", "{DABC5490-A8D6-4EA7-8DC9-EDF59BC3E867}"
EndProject
Project("{2150E333-8FDC-42A3-9474-1A3956D46DE8}") = ".nuget", ".nuget", "{D8622410-AEBB-41AA-8954-E0A1A6F4EA93}"
	ProjectSection(SolutionItems) = preProject
		.nuget\NuGet.Config = .nuget\NuGet.Config
		.nuget\NuGet.exe = .nuget\NuGet.exe
		.nuget\NuGet.targets = .nuget\NuGet.targets
	EndProjectSection
EndProject
Project("{2150E333-8FDC-42A3-9474-1A3956D46DE8}") = "xNugetTest", "xNugetTest", "{57F8F78E-C98F-4E09-B8F4-D091EAF76619}"
EndProject
Project("{FAE04EC0-301F-11D3-BF4B-00C04F79EFBC}") = "WSMiniumTestApp", "WSMiniumTestApp\WSMiniumTestApp.csproj", "{ACD71EA8-C445-479B-A429-7904636C665F}"
EndProject
Project("{FAE04EC0-301F-11D3-BF4B-00C04F79EFBC}") = "WPMinimumTestApp", "WPMinimumTestApp\WPMinimumTestApp.csproj", "{3980A099-522D-490F-AC51-FC1ABBADB103}"
EndProject
Project("{2150E333-8FDC-42A3-9474-1A3956D46DE8}") = "xDocs", "xDocs", "{72112E74-CA16-4A33-A37B-CCDFF6D426D9}"
	ProjectSection(SolutionItems) = preProject
		ReleaseNotes.txt = ReleaseNotes.txt
	EndProjectSection
EndProject
Global
	GlobalSection(SolutionConfigurationPlatforms) = preSolution
		Debug|Any CPU = Debug|Any CPU
		Debug|ARM = Debug|ARM
		Debug|x64 = Debug|x64
		Debug|x86 = Debug|x86
		Release|Any CPU = Release|Any CPU
		Release|ARM = Release|ARM
		Release|x64 = Release|x64
		Release|x86 = Release|x86
	EndGlobalSection
	GlobalSection(ProjectConfigurationPlatforms) = postSolution
		{9D309AC7-69B3-430E-B7E7-81C3BC6DE8B2}.Debug|Any CPU.ActiveCfg = Debug|Any CPU
		{9D309AC7-69B3-430E-B7E7-81C3BC6DE8B2}.Debug|Any CPU.Build.0 = Debug|Any CPU
		{9D309AC7-69B3-430E-B7E7-81C3BC6DE8B2}.Debug|ARM.ActiveCfg = Debug|ARM
		{9D309AC7-69B3-430E-B7E7-81C3BC6DE8B2}.Debug|ARM.Build.0 = Debug|ARM
		{9D309AC7-69B3-430E-B7E7-81C3BC6DE8B2}.Debug|x64.ActiveCfg = Debug|Any CPU
		{9D309AC7-69B3-430E-B7E7-81C3BC6DE8B2}.Debug|x86.ActiveCfg = Debug|x86
		{9D309AC7-69B3-430E-B7E7-81C3BC6DE8B2}.Debug|x86.Build.0 = Debug|x86
		{9D309AC7-69B3-430E-B7E7-81C3BC6DE8B2}.Release|Any CPU.ActiveCfg = Release|Any CPU
		{9D309AC7-69B3-430E-B7E7-81C3BC6DE8B2}.Release|Any CPU.Build.0 = Release|Any CPU
		{9D309AC7-69B3-430E-B7E7-81C3BC6DE8B2}.Release|ARM.ActiveCfg = Release|ARM
		{9D309AC7-69B3-430E-B7E7-81C3BC6DE8B2}.Release|ARM.Build.0 = Release|ARM
		{9D309AC7-69B3-430E-B7E7-81C3BC6DE8B2}.Release|x64.ActiveCfg = Release|Any CPU
		{9D309AC7-69B3-430E-B7E7-81C3BC6DE8B2}.Release|x86.ActiveCfg = Release|x86
		{9D309AC7-69B3-430E-B7E7-81C3BC6DE8B2}.Release|x86.Build.0 = Release|x86
		{9C33D454-D66B-4433-8751-B4EE767E36A8}.Debug|Any CPU.ActiveCfg = Debug|Any CPU
		{9C33D454-D66B-4433-8751-B4EE767E36A8}.Debug|Any CPU.Build.0 = Debug|Any CPU
		{9C33D454-D66B-4433-8751-B4EE767E36A8}.Debug|ARM.ActiveCfg = Debug|ARM
		{9C33D454-D66B-4433-8751-B4EE767E36A8}.Debug|ARM.Build.0 = Debug|ARM
		{9C33D454-D66B-4433-8751-B4EE767E36A8}.Debug|x64.ActiveCfg = Debug|x64
		{9C33D454-D66B-4433-8751-B4EE767E36A8}.Debug|x64.Build.0 = Debug|x64
		{9C33D454-D66B-4433-8751-B4EE767E36A8}.Debug|x86.ActiveCfg = Debug|x86
		{9C33D454-D66B-4433-8751-B4EE767E36A8}.Debug|x86.Build.0 = Debug|x86
		{9C33D454-D66B-4433-8751-B4EE767E36A8}.Release|Any CPU.ActiveCfg = Release|Any CPU
		{9C33D454-D66B-4433-8751-B4EE767E36A8}.Release|Any CPU.Build.0 = Release|Any CPU
		{9C33D454-D66B-4433-8751-B4EE767E36A8}.Release|ARM.ActiveCfg = Release|ARM
		{9C33D454-D66B-4433-8751-B4EE767E36A8}.Release|ARM.Build.0 = Release|ARM
		{9C33D454-D66B-4433-8751-B4EE767E36A8}.Release|x64.ActiveCfg = Release|x64
		{9C33D454-D66B-4433-8751-B4EE767E36A8}.Release|x64.Build.0 = Release|x64
		{9C33D454-D66B-4433-8751-B4EE767E36A8}.Release|x86.ActiveCfg = Release|x86
		{9C33D454-D66B-4433-8751-B4EE767E36A8}.Release|x86.Build.0 = Release|x86
		{2D3D2265-7698-4604-A590-D7CDB465CFFD}.Debug|Any CPU.ActiveCfg = Debug|Any CPU
		{2D3D2265-7698-4604-A590-D7CDB465CFFD}.Debug|Any CPU.Build.0 = Debug|Any CPU
		{2D3D2265-7698-4604-A590-D7CDB465CFFD}.Debug|Any CPU.Deploy.0 = Debug|Any CPU
		{2D3D2265-7698-4604-A590-D7CDB465CFFD}.Debug|ARM.ActiveCfg = Debug|ARM
		{2D3D2265-7698-4604-A590-D7CDB465CFFD}.Debug|ARM.Build.0 = Debug|ARM
		{2D3D2265-7698-4604-A590-D7CDB465CFFD}.Debug|ARM.Deploy.0 = Debug|ARM
		{2D3D2265-7698-4604-A590-D7CDB465CFFD}.Debug|x64.ActiveCfg = Debug|Any CPU
		{2D3D2265-7698-4604-A590-D7CDB465CFFD}.Debug|x86.ActiveCfg = Debug|x86
		{2D3D2265-7698-4604-A590-D7CDB465CFFD}.Debug|x86.Build.0 = Debug|x86
		{2D3D2265-7698-4604-A590-D7CDB465CFFD}.Debug|x86.Deploy.0 = Debug|x86
		{2D3D2265-7698-4604-A590-D7CDB465CFFD}.Release|Any CPU.ActiveCfg = Release|Any CPU
		{2D3D2265-7698-4604-A590-D7CDB465CFFD}.Release|Any CPU.Build.0 = Release|Any CPU
		{2D3D2265-7698-4604-A590-D7CDB465CFFD}.Release|Any CPU.Deploy.0 = Release|Any CPU
		{2D3D2265-7698-4604-A590-D7CDB465CFFD}.Release|ARM.ActiveCfg = Release|ARM
		{2D3D2265-7698-4604-A590-D7CDB465CFFD}.Release|ARM.Build.0 = Release|ARM
		{2D3D2265-7698-4604-A590-D7CDB465CFFD}.Release|ARM.Deploy.0 = Release|ARM
		{2D3D2265-7698-4604-A590-D7CDB465CFFD}.Release|x64.ActiveCfg = Release|Any CPU
		{2D3D2265-7698-4604-A590-D7CDB465CFFD}.Release|x86.ActiveCfg = Release|x86
		{2D3D2265-7698-4604-A590-D7CDB465CFFD}.Release|x86.Build.0 = Release|x86
		{2D3D2265-7698-4604-A590-D7CDB465CFFD}.Release|x86.Deploy.0 = Release|x86
		{A09B9E48-118E-435D-9490-380D201AE7B1}.Debug|Any CPU.ActiveCfg = Debug|Any CPU
		{A09B9E48-118E-435D-9490-380D201AE7B1}.Debug|Any CPU.Build.0 = Debug|Any CPU
		{A09B9E48-118E-435D-9490-380D201AE7B1}.Debug|Any CPU.Deploy.0 = Debug|Any CPU
		{A09B9E48-118E-435D-9490-380D201AE7B1}.Debug|ARM.ActiveCfg = Debug|ARM
		{A09B9E48-118E-435D-9490-380D201AE7B1}.Debug|ARM.Build.0 = Debug|ARM
		{A09B9E48-118E-435D-9490-380D201AE7B1}.Debug|ARM.Deploy.0 = Debug|ARM
		{A09B9E48-118E-435D-9490-380D201AE7B1}.Debug|x64.ActiveCfg = Debug|x64
		{A09B9E48-118E-435D-9490-380D201AE7B1}.Debug|x64.Build.0 = Debug|x64
		{A09B9E48-118E-435D-9490-380D201AE7B1}.Debug|x64.Deploy.0 = Debug|x64
		{A09B9E48-118E-435D-9490-380D201AE7B1}.Debug|x86.ActiveCfg = Debug|x86
		{A09B9E48-118E-435D-9490-380D201AE7B1}.Debug|x86.Build.0 = Debug|x86
		{A09B9E48-118E-435D-9490-380D201AE7B1}.Debug|x86.Deploy.0 = Debug|x86
		{A09B9E48-118E-435D-9490-380D201AE7B1}.Release|Any CPU.ActiveCfg = Release|Any CPU
		{A09B9E48-118E-435D-9490-380D201AE7B1}.Release|Any CPU.Build.0 = Release|Any CPU
		{A09B9E48-118E-435D-9490-380D201AE7B1}.Release|Any CPU.Deploy.0 = Release|Any CPU
		{A09B9E48-118E-435D-9490-380D201AE7B1}.Release|ARM.ActiveCfg = Release|ARM
		{A09B9E48-118E-435D-9490-380D201AE7B1}.Release|ARM.Build.0 = Release|ARM
		{A09B9E48-118E-435D-9490-380D201AE7B1}.Release|ARM.Deploy.0 = Release|ARM
		{A09B9E48-118E-435D-9490-380D201AE7B1}.Release|x64.ActiveCfg = Release|x64
		{A09B9E48-118E-435D-9490-380D201AE7B1}.Release|x64.Build.0 = Release|x64
		{A09B9E48-118E-435D-9490-380D201AE7B1}.Release|x64.Deploy.0 = Release|x64
		{A09B9E48-118E-435D-9490-380D201AE7B1}.Release|x86.ActiveCfg = Release|x86
		{A09B9E48-118E-435D-9490-380D201AE7B1}.Release|x86.Build.0 = Release|x86
		{A09B9E48-118E-435D-9490-380D201AE7B1}.Release|x86.Deploy.0 = Release|x86
		{DABC5490-A8D6-4EA7-8DC9-EDF59BC3E867}.Debug|Any CPU.ActiveCfg = Debug|Any CPU
		{DABC5490-A8D6-4EA7-8DC9-EDF59BC3E867}.Debug|Any CPU.Build.0 = Debug|Any CPU
		{DABC5490-A8D6-4EA7-8DC9-EDF59BC3E867}.Debug|ARM.ActiveCfg = Debug|Any CPU
		{DABC5490-A8D6-4EA7-8DC9-EDF59BC3E867}.Debug|x64.ActiveCfg = Debug|Any CPU
		{DABC5490-A8D6-4EA7-8DC9-EDF59BC3E867}.Debug|x86.ActiveCfg = Debug|Any CPU
		{DABC5490-A8D6-4EA7-8DC9-EDF59BC3E867}.Release|Any CPU.ActiveCfg = Release|Any CPU
		{DABC5490-A8D6-4EA7-8DC9-EDF59BC3E867}.Release|Any CPU.Build.0 = Release|Any CPU
		{DABC5490-A8D6-4EA7-8DC9-EDF59BC3E867}.Release|ARM.ActiveCfg = Release|Any CPU
		{DABC5490-A8D6-4EA7-8DC9-EDF59BC3E867}.Release|x64.ActiveCfg = Release|Any CPU
		{DABC5490-A8D6-4EA7-8DC9-EDF59BC3E867}.Release|x86.ActiveCfg = Release|Any CPU
		{ACD71EA8-C445-479B-A429-7904636C665F}.Debug|Any CPU.ActiveCfg = Debug|Any CPU
		{ACD71EA8-C445-479B-A429-7904636C665F}.Debug|Any CPU.Build.0 = Debug|Any CPU
		{ACD71EA8-C445-479B-A429-7904636C665F}.Debug|Any CPU.Deploy.0 = Debug|Any CPU
		{ACD71EA8-C445-479B-A429-7904636C665F}.Debug|ARM.ActiveCfg = Debug|ARM
		{ACD71EA8-C445-479B-A429-7904636C665F}.Debug|ARM.Build.0 = Debug|ARM
		{ACD71EA8-C445-479B-A429-7904636C665F}.Debug|ARM.Deploy.0 = Debug|ARM
		{ACD71EA8-C445-479B-A429-7904636C665F}.Debug|x64.ActiveCfg = Debug|x64
		{ACD71EA8-C445-479B-A429-7904636C665F}.Debug|x64.Build.0 = Debug|x64
		{ACD71EA8-C445-479B-A429-7904636C665F}.Debug|x64.Deploy.0 = Debug|x64
		{ACD71EA8-C445-479B-A429-7904636C665F}.Debug|x86.ActiveCfg = Debug|x86
		{ACD71EA8-C445-479B-A429-7904636C665F}.Debug|x86.Build.0 = Debug|x86
		{ACD71EA8-C445-479B-A429-7904636C665F}.Debug|x86.Deploy.0 = Debug|x86
		{ACD71EA8-C445-479B-A429-7904636C665F}.Release|Any CPU.ActiveCfg = Release|Any CPU
		{ACD71EA8-C445-479B-A429-7904636C665F}.Release|Any CPU.Build.0 = Release|Any CPU
		{ACD71EA8-C445-479B-A429-7904636C665F}.Release|Any CPU.Deploy.0 = Release|Any CPU
		{ACD71EA8-C445-479B-A429-7904636C665F}.Release|ARM.ActiveCfg = Release|ARM
		{ACD71EA8-C445-479B-A429-7904636C665F}.Release|ARM.Build.0 = Release|ARM
		{ACD71EA8-C445-479B-A429-7904636C665F}.Release|ARM.Deploy.0 = Release|ARM
		{ACD71EA8-C445-479B-A429-7904636C665F}.Release|x64.ActiveCfg = Release|x64
		{ACD71EA8-C445-479B-A429-7904636C665F}.Release|x64.Build.0 = Release|x64
		{ACD71EA8-C445-479B-A429-7904636C665F}.Release|x64.Deploy.0 = Release|x64
		{ACD71EA8-C445-479B-A429-7904636C665F}.Release|x86.ActiveCfg = Release|x86
		{ACD71EA8-C445-479B-A429-7904636C665F}.Release|x86.Build.0 = Release|x86
		{ACD71EA8-C445-479B-A429-7904636C665F}.Release|x86.Deploy.0 = Release|x86
		{3980A099-522D-490F-AC51-FC1ABBADB103}.Debug|Any CPU.ActiveCfg = Debug|Any CPU
		{3980A099-522D-490F-AC51-FC1ABBADB103}.Debug|Any CPU.Build.0 = Debug|Any CPU
		{3980A099-522D-490F-AC51-FC1ABBADB103}.Debug|Any CPU.Deploy.0 = Debug|Any CPU
		{3980A099-522D-490F-AC51-FC1ABBADB103}.Debug|ARM.ActiveCfg = Debug|ARM
		{3980A099-522D-490F-AC51-FC1ABBADB103}.Debug|ARM.Build.0 = Debug|ARM
		{3980A099-522D-490F-AC51-FC1ABBADB103}.Debug|ARM.Deploy.0 = Debug|ARM
		{3980A099-522D-490F-AC51-FC1ABBADB103}.Debug|x64.ActiveCfg = Debug|Any CPU
		{3980A099-522D-490F-AC51-FC1ABBADB103}.Debug|x86.ActiveCfg = Debug|x86
		{3980A099-522D-490F-AC51-FC1ABBADB103}.Debug|x86.Build.0 = Debug|x86
		{3980A099-522D-490F-AC51-FC1ABBADB103}.Debug|x86.Deploy.0 = Debug|x86
		{3980A099-522D-490F-AC51-FC1ABBADB103}.Release|Any CPU.ActiveCfg = Release|Any CPU
		{3980A099-522D-490F-AC51-FC1ABBADB103}.Release|Any CPU.Build.0 = Release|Any CPU
		{3980A099-522D-490F-AC51-FC1ABBADB103}.Release|Any CPU.Deploy.0 = Release|Any CPU
		{3980A099-522D-490F-AC51-FC1ABBADB103}.Release|ARM.ActiveCfg = Release|ARM
		{3980A099-522D-490F-AC51-FC1ABBADB103}.Release|ARM.Build.0 = Release|ARM
		{3980A099-522D-490F-AC51-FC1ABBADB103}.Release|ARM.Deploy.0 = Release|ARM
		{3980A099-522D-490F-AC51-FC1ABBADB103}.Release|x64.ActiveCfg = Release|Any CPU
		{3980A099-522D-490F-AC51-FC1ABBADB103}.Release|x86.ActiveCfg = Release|x86
		{3980A099-522D-490F-AC51-FC1ABBADB103}.Release|x86.Build.0 = Release|x86
		{3980A099-522D-490F-AC51-FC1ABBADB103}.Release|x86.Deploy.0 = Release|x86
	EndGlobalSection
	GlobalSection(SolutionProperties) = preSolution
		HideSolutionNode = FALSE
	EndGlobalSection
	GlobalSection(NestedProjects) = preSolution
		{9C33D454-D66B-4433-8751-B4EE767E36A8} = {713EF5DE-266A-4DC5-9BC7-040FDDB2BC05}
		{A09B9E48-118E-435D-9490-380D201AE7B1} = {713EF5DE-266A-4DC5-9BC7-040FDDB2BC05}
		{9D309AC7-69B3-430E-B7E7-81C3BC6DE8B2} = {97EC3BFF-1FC8-4697-A76A-BDD4799F5719}
		{2D3D2265-7698-4604-A590-D7CDB465CFFD} = {97EC3BFF-1FC8-4697-A76A-BDD4799F5719}
		{DABC5490-A8D6-4EA7-8DC9-EDF59BC3E867} = {11675099-5139-4154-AAB8-C45EBCDBA5B3}
		{ACD71EA8-C445-479B-A429-7904636C665F} = {57F8F78E-C98F-4E09-B8F4-D091EAF76619}
		{3980A099-522D-490F-AC51-FC1ABBADB103} = {57F8F78E-C98F-4E09-B8F4-D091EAF76619}
	EndGlobalSection
EndGlobal
